
Microsoft Visual Studio Solution File, Format Version 11.00
# Visual Studio 2010
Project("{FAE04EC0-301F-11D3-BF4B-00C04F79EFBC}") = "SizeOf'sFixer", "SizeOf Fixer.csproj", "{878EE792-3551-44DC-875B-AEFC2D7140C7}"
EndProject
Global
	GlobalSection(SolutionConfigurationPlatforms) = preSolution
		Debug|Any CPU = Debug|Any CPU
		Release|Any CPU = Release|Any CPU
	EndGlobalSection
	GlobalSection(ProjectConfigurationPlatforms) = postSolution
		{878EE792-3551-44DC-875B-AEFC2D7140C7}.Debug|Any CPU.ActiveCfg = Debug|Any CPU
		{878EE792-3551-44DC-875B-AEFC2D7140C7}.Debug|Any CPU.Build.0 = Debug|Any CPU
		{878EE792-3551-44DC-875B-AEFC2D7140C7}.Release|Any CPU.ActiveCfg = Release|Any CPU
		{878EE792-3551-44DC-875B-AEFC2D7140C7}.Release|Any CPU.Build.0 = Release|Any CPU
	EndGlobalSection
	GlobalSection(SolutionProperties) = preSolution
		HideSolutionNode = FALSE
	EndGlobalSection
EndGlobal
